// !$*UTF8*$!
{
	archiveVersion = 1;
	classes = {
	};
	objectVersion = 50;
	objects = {

/* Begin PBXBuildFile section */
		1222FD9725B72458004CCB3A /* AppDelegate.swift in Sources */ = {isa = PBXBuildFile; fileRef = 1222FD9625B72458004CCB3A /* AppDelegate.swift */; };
		1222FD9925B72458004CCB3A /* SceneDelegate.swift in Sources */ = {isa = PBXBuildFile; fileRef = 1222FD9825B72458004CCB3A /* SceneDelegate.swift */; };
		1222FD9B25B72458004CCB3A /* SignUpView.swift in Sources */ = {isa = PBXBuildFile; fileRef = 1222FD9A25B72458004CCB3A /* SignUpView.swift */; };
		1222FD9E25B72458004CCB3A /* Ciare_SwiftUI.xcdatamodeld in Sources */ = {isa = PBXBuildFile; fileRef = 1222FD9C25B72458004CCB3A /* Ciare_SwiftUI.xcdatamodeld */; };
		1222FDA025B72458004CCB3A /* Assets.xcassets in Resources */ = {isa = PBXBuildFile; fileRef = 1222FD9F25B72458004CCB3A /* Assets.xcassets */; };
		1222FDA625B72458004CCB3A /* LaunchScreen.storyboard in Resources */ = {isa = PBXBuildFile; fileRef = 1222FDA425B72458004CCB3A /* LaunchScreen.storyboard */; };
		1236BDE725C1999300706FAE /* ImagePicker.swift in Sources */ = {isa = PBXBuildFile; fileRef = 1236BDE625C1999300706FAE /* ImagePicker.swift */; };
		124F83A625C30A3D0087CB50 /* FeedViewModel.swift in Sources */ = {isa = PBXBuildFile; fileRef = 124F83A525C30A3D0087CB50 /* FeedViewModel.swift */; };
		124F83A925C30D090087CB50 /* CustomPost.swift in Sources */ = {isa = PBXBuildFile; fileRef = 124F83A825C30D090087CB50 /* CustomPost.swift */; };
		124F83AD25C30D1F0087CB50 /* FeedViewState.swift in Sources */ = {isa = PBXBuildFile; fileRef = 124F83AC25C30D1F0087CB50 /* FeedViewState.swift */; };
		12748F3D25B736AF0091148D /* Plataforms.swift in Sources */ = {isa = PBXBuildFile; fileRef = 12748F3C25B736AF0091148D /* Plataforms.swift */; };
		12838AF225C058CD00825819 /* CustomTextView.swift in Sources */ = {isa = PBXBuildFile; fileRef = 12838AF125C058CD00825819 /* CustomTextView.swift */; };
		12838AF525C06DF900825819 /* PostViewModel.swift in Sources */ = {isa = PBXBuildFile; fileRef = 12838AF425C06DF900825819 /* PostViewModel.swift */; };
		12838AF825C06E3500825819 /* PostViewState.swift in Sources */ = {isa = PBXBuildFile; fileRef = 12838AF725C06E3500825819 /* PostViewState.swift */; };
		1284112125C035F600CAD7FB /* LoginView.swift in Sources */ = {isa = PBXBuildFile; fileRef = 1284112025C035F600CAD7FB /* LoginView.swift */; };
		1285A19725B73874006D65E7 /* CustomButton.swift in Sources */ = {isa = PBXBuildFile; fileRef = 1285A19625B73874006D65E7 /* CustomButton.swift */; };
		1285A19B25B73E39006D65E7 /* CustomTitleText.swift in Sources */ = {isa = PBXBuildFile; fileRef = 1285A19A25B73E39006D65E7 /* CustomTitleText.swift */; };
		128951D125C318470062C2D7 /* FeedView.swift in Sources */ = {isa = PBXBuildFile; fileRef = 128951D025C318470062C2D7 /* FeedView.swift */; };
		12ACEDAD25C04E4E00AAD1DB /* PostView.swift in Sources */ = {isa = PBXBuildFile; fileRef = 12ACEDAC25C04E4E00AAD1DB /* PostView.swift */; };
		12C8976725B732BB0018E7FF /* CustomTextField.swift in Sources */ = {isa = PBXBuildFile; fileRef = 12C8976625B732BB0018E7FF /* CustomTextField.swift */; };
		12DF902825BF121E00760CDF /* UsersInfo.swift in Sources */ = {isa = PBXBuildFile; fileRef = 12DF902725BF121E00760CDF /* UsersInfo.swift */; };
		12DF902C25BF124000760CDF /* User.swift in Sources */ = {isa = PBXBuildFile; fileRef = 12DF902B25BF124000760CDF /* User.swift */; };
		12DF902F25BF124B00760CDF /* Post.swift in Sources */ = {isa = PBXBuildFile; fileRef = 12DF902E25BF124B00760CDF /* Post.swift */; };
		350C0DDD25C42D8400AFF51C /* SignUpButton.swift in Sources */ = {isa = PBXBuildFile; fileRef = 350C0DDC25C42D8400AFF51C /* SignUpButton.swift */; };
		352E6CFD25BF0725001E4D29 /* CloudKit.framework in Frameworks */ = {isa = PBXBuildFile; fileRef = 352E6CFC25BF0725001E4D29 /* CloudKit.framework */; };
		354FB82625C1997300969083 /* LoginViewModel.swift in Sources */ = {isa = PBXBuildFile; fileRef = 354FB82525C1997300969083 /* LoginViewModel.swift */; };
		354FB82C25C1A16800969083 /* UserSession.swift in Sources */ = {isa = PBXBuildFile; fileRef = 354FB82B25C1A16800969083 /* UserSession.swift */; };
		354FB83425C1A24D00969083 /* UserSessionService.swift in Sources */ = {isa = PBXBuildFile; fileRef = 354FB83325C1A24D00969083 /* UserSessionService.swift */; };
		354FB83D25C1B05400969083 /* MasterViewModel.swift in Sources */ = {isa = PBXBuildFile; fileRef = 354FB83C25C1B05400969083 /* MasterViewModel.swift */; };
		354FB84125C1C01000969083 /* MasterView.swift in Sources */ = {isa = PBXBuildFile; fileRef = 354FB83825C1A3EF00969083 /* MasterView.swift */; };
		354FB86F25C2E1E300969083 /* UserInformationService.swift in Sources */ = {isa = PBXBuildFile; fileRef = 354FB86E25C2E1E300969083 /* UserInformationService.swift */; };
		354FB87425C2EE2500969083 /* CDUserInformationService.swift in Sources */ = {isa = PBXBuildFile; fileRef = 354FB87325C2EE2500969083 /* CDUserInformationService.swift */; };
		354FB87825C30A6600969083 /* CKUserInformationService.swift in Sources */ = {isa = PBXBuildFile; fileRef = 354FB87725C30A6600969083 /* CKUserInformationService.swift */; };
		35FD458E25BEF19100A01AAD /* SignUpViewModel.swift in Sources */ = {isa = PBXBuildFile; fileRef = 35FD458D25BEF19100A01AAD /* SignUpViewModel.swift */; };
		35FD459125BEF23D00A01AAD /* SignUpViewState.swift in Sources */ = {isa = PBXBuildFile; fileRef = 35FD459025BEF23D00A01AAD /* SignUpViewState.swift */; };
/* End PBXBuildFile section */

/* Begin PBXFileReference section */
		1222FD9325B72458004CCB3A /* Ciare-SwiftUI.app */ = {isa = PBXFileReference; explicitFileType = wrapper.application; includeInIndex = 0; path = "Ciare-SwiftUI.app"; sourceTree = BUILT_PRODUCTS_DIR; };
		1222FD9625B72458004CCB3A /* AppDelegate.swift */ = {isa = PBXFileReference; lastKnownFileType = sourcecode.swift; path = AppDelegate.swift; sourceTree = "<group>"; };
		1222FD9825B72458004CCB3A /* SceneDelegate.swift */ = {isa = PBXFileReference; lastKnownFileType = sourcecode.swift; path = SceneDelegate.swift; sourceTree = "<group>"; };
		1222FD9A25B72458004CCB3A /* SignUpView.swift */ = {isa = PBXFileReference; lastKnownFileType = sourcecode.swift; path = SignUpView.swift; sourceTree = "<group>"; };
		1222FD9D25B72458004CCB3A /* Ciare_SwiftUI.xcdatamodel */ = {isa = PBXFileReference; lastKnownFileType = wrapper.xcdatamodel; path = Ciare_SwiftUI.xcdatamodel; sourceTree = "<group>"; };
		1222FD9F25B72458004CCB3A /* Assets.xcassets */ = {isa = PBXFileReference; lastKnownFileType = folder.assetcatalog; path = Assets.xcassets; sourceTree = "<group>"; };
		1222FDA525B72458004CCB3A /* Base */ = {isa = PBXFileReference; lastKnownFileType = file.storyboard; name = Base; path = Base.lproj/LaunchScreen.storyboard; sourceTree = "<group>"; };
		1222FDA725B72458004CCB3A /* Info.plist */ = {isa = PBXFileReference; lastKnownFileType = text.plist.xml; path = Info.plist; sourceTree = "<group>"; };
		1236BDE625C1999300706FAE /* ImagePicker.swift */ = {isa = PBXFileReference; lastKnownFileType = sourcecode.swift; path = ImagePicker.swift; sourceTree = "<group>"; };
		124F83A525C30A3D0087CB50 /* FeedViewModel.swift */ = {isa = PBXFileReference; lastKnownFileType = sourcecode.swift; path = FeedViewModel.swift; sourceTree = "<group>"; };
		124F83A825C30D090087CB50 /* CustomPost.swift */ = {isa = PBXFileReference; lastKnownFileType = sourcecode.swift; path = CustomPost.swift; sourceTree = "<group>"; };
		124F83AC25C30D1F0087CB50 /* FeedViewState.swift */ = {isa = PBXFileReference; lastKnownFileType = sourcecode.swift; path = FeedViewState.swift; sourceTree = "<group>"; };
		12748F3C25B736AF0091148D /* Plataforms.swift */ = {isa = PBXFileReference; lastKnownFileType = sourcecode.swift; path = Plataforms.swift; sourceTree = "<group>"; };
		12838AF125C058CD00825819 /* CustomTextView.swift */ = {isa = PBXFileReference; lastKnownFileType = sourcecode.swift; path = CustomTextView.swift; sourceTree = "<group>"; };
		12838AF425C06DF900825819 /* PostViewModel.swift */ = {isa = PBXFileReference; lastKnownFileType = sourcecode.swift; path = PostViewModel.swift; sourceTree = "<group>"; };
		12838AF725C06E3500825819 /* PostViewState.swift */ = {isa = PBXFileReference; lastKnownFileType = sourcecode.swift; path = PostViewState.swift; sourceTree = "<group>"; };
		1284112025C035F600CAD7FB /* LoginView.swift */ = {isa = PBXFileReference; lastKnownFileType = sourcecode.swift; path = LoginView.swift; sourceTree = "<group>"; };
		1285A19625B73874006D65E7 /* CustomButton.swift */ = {isa = PBXFileReference; lastKnownFileType = sourcecode.swift; path = CustomButton.swift; sourceTree = "<group>"; };
		1285A19A25B73E39006D65E7 /* CustomTitleText.swift */ = {isa = PBXFileReference; lastKnownFileType = sourcecode.swift; path = CustomTitleText.swift; sourceTree = "<group>"; };
		128951D025C318470062C2D7 /* FeedView.swift */ = {isa = PBXFileReference; lastKnownFileType = sourcecode.swift; path = FeedView.swift; sourceTree = "<group>"; };
		12ACEDAC25C04E4E00AAD1DB /* PostView.swift */ = {isa = PBXFileReference; lastKnownFileType = sourcecode.swift; path = PostView.swift; sourceTree = "<group>"; };
		12C8976625B732BB0018E7FF /* CustomTextField.swift */ = {isa = PBXFileReference; lastKnownFileType = sourcecode.swift; path = CustomTextField.swift; sourceTree = "<group>"; };
		12DF902725BF121E00760CDF /* UsersInfo.swift */ = {isa = PBXFileReference; lastKnownFileType = sourcecode.swift; path = UsersInfo.swift; sourceTree = "<group>"; };
		12DF902B25BF124000760CDF /* User.swift */ = {isa = PBXFileReference; lastKnownFileType = sourcecode.swift; path = User.swift; sourceTree = "<group>"; };
		12DF902E25BF124B00760CDF /* Post.swift */ = {isa = PBXFileReference; lastKnownFileType = sourcecode.swift; path = Post.swift; sourceTree = "<group>"; };
		350C0DDC25C42D8400AFF51C /* SignUpButton.swift */ = {isa = PBXFileReference; lastKnownFileType = sourcecode.swift; path = SignUpButton.swift; sourceTree = "<group>"; };
		352E6CF825BF0715001E4D29 /* Ciare-SwiftUI.entitlements */ = {isa = PBXFileReference; lastKnownFileType = text.plist.entitlements; path = "Ciare-SwiftUI.entitlements"; sourceTree = "<group>"; };
		352E6CFC25BF0725001E4D29 /* CloudKit.framework */ = {isa = PBXFileReference; lastKnownFileType = wrapper.framework; name = CloudKit.framework; path = System/Library/Frameworks/CloudKit.framework; sourceTree = SDKROOT; };
		354FB82525C1997300969083 /* LoginViewModel.swift */ = {isa = PBXFileReference; lastKnownFileType = sourcecode.swift; path = LoginViewModel.swift; sourceTree = "<group>"; };
		354FB82B25C1A16800969083 /* UserSession.swift */ = {isa = PBXFileReference; lastKnownFileType = sourcecode.swift; path = UserSession.swift; sourceTree = "<group>"; };
		354FB83325C1A24D00969083 /* UserSessionService.swift */ = {isa = PBXFileReference; lastKnownFileType = sourcecode.swift; path = UserSessionService.swift; sourceTree = "<group>"; };
		354FB83825C1A3EF00969083 /* MasterView.swift */ = {isa = PBXFileReference; lastKnownFileType = sourcecode.swift; path = MasterView.swift; sourceTree = "<group>"; };
		354FB83C25C1B05400969083 /* MasterViewModel.swift */ = {isa = PBXFileReference; lastKnownFileType = sourcecode.swift; path = MasterViewModel.swift; sourceTree = "<group>"; };
		354FB86E25C2E1E300969083 /* UserInformationService.swift */ = {isa = PBXFileReference; lastKnownFileType = sourcecode.swift; path = UserInformationService.swift; sourceTree = "<group>"; };
		354FB87325C2EE2500969083 /* CDUserInformationService.swift */ = {isa = PBXFileReference; lastKnownFileType = sourcecode.swift; path = CDUserInformationService.swift; sourceTree = "<group>"; };
		354FB87725C30A6600969083 /* CKUserInformationService.swift */ = {isa = PBXFileReference; lastKnownFileType = sourcecode.swift; path = CKUserInformationService.swift; sourceTree = "<group>"; };
		35FD458D25BEF19100A01AAD /* SignUpViewModel.swift */ = {isa = PBXFileReference; lastKnownFileType = sourcecode.swift; path = SignUpViewModel.swift; sourceTree = "<group>"; };
		35FD459025BEF23D00A01AAD /* SignUpViewState.swift */ = {isa = PBXFileReference; lastKnownFileType = sourcecode.swift; path = SignUpViewState.swift; sourceTree = "<group>"; };
/* End PBXFileReference section */

/* Begin PBXFrameworksBuildPhase section */
		1222FD9025B72458004CCB3A /* Frameworks */ = {
			isa = PBXFrameworksBuildPhase;
			buildActionMask = 2147483647;
			files = (
				352E6CFD25BF0725001E4D29 /* CloudKit.framework in Frameworks */,
			);
			runOnlyForDeploymentPostprocessing = 0;
		};
/* End PBXFrameworksBuildPhase section */

/* Begin PBXGroup section */
		1222FD8A25B72458004CCB3A = {
			isa = PBXGroup;
			children = (
				1222FD9525B72458004CCB3A /* Ciare-SwiftUI */,
				1222FD9425B72458004CCB3A /* Products */,
				352E6CFB25BF0725001E4D29 /* Frameworks */,
			);
			sourceTree = "<group>";
		};
		1222FD9425B72458004CCB3A /* Products */ = {
			isa = PBXGroup;
			children = (
				1222FD9325B72458004CCB3A /* Ciare-SwiftUI.app */,
			);
			name = Products;
			sourceTree = "<group>";
		};
		1222FD9525B72458004CCB3A /* Ciare-SwiftUI */ = {
			isa = PBXGroup;
			children = (
				35FE1DD725C047DF001A1E6C /* UI */,
				1222FD9F25B72458004CCB3A /* Assets.xcassets */,
				35FE1DDA25C0495E001A1E6C /* Domain */,
				35FE1DD925C048B2001A1E6C /* System */,
				352E6CF825BF0715001E4D29 /* Ciare-SwiftUI.entitlements */,
				1222FDA725B72458004CCB3A /* Info.plist */,
				1222FD9C25B72458004CCB3A /* Ciare_SwiftUI.xcdatamodeld */,
			);
			path = "Ciare-SwiftUI";
			sourceTree = "<group>";
		};
		1222FDA125B72458004CCB3A /* Components */ = {
			isa = PBXGroup;
			children = (
				350C0DD825C4201700AFF51C /* Custom */,
				12748F3C25B736AF0091148D /* Plataforms.swift */,
				1236BDE625C1999300706FAE /* ImagePicker.swift */,
				124F83A825C30D090087CB50 /* CustomPost.swift */,
				350C0DDC25C42D8400AFF51C /* SignUpButton.swift */,
			);
			path = Components;
			sourceTree = "<group>";
		};
		124F83A425C30A1D0087CB50 /* Feed */ = {
			isa = PBXGroup;
			children = (
				128951D025C318470062C2D7 /* FeedView.swift */,
				124F83A525C30A3D0087CB50 /* FeedViewModel.swift */,
				124F83AC25C30D1F0087CB50 /* FeedViewState.swift */,
			);
			path = Feed;
			sourceTree = "<group>";
		};
		1284112325C0360100CAD7FB /* Login */ = {
			isa = PBXGroup;
			children = (
				1284112025C035F600CAD7FB /* LoginView.swift */,
				354FB82525C1997300969083 /* LoginViewModel.swift */,
			);
			path = Login;
			sourceTree = "<group>";
		};
		12ACEDAB25C04E3B00AAD1DB /* Post */ = {
			isa = PBXGroup;
			children = (
				12ACEDAC25C04E4E00AAD1DB /* PostView.swift */,
				12838AF425C06DF900825819 /* PostViewModel.swift */,
				12838AF725C06E3500825819 /* PostViewState.swift */,
			);
			path = Post;
			sourceTree = "<group>";
		};
		12DF902525BF116800760CDF /* Model */ = {
			isa = PBXGroup;
			children = (
				12DF902725BF121E00760CDF /* UsersInfo.swift */,
				12DF902B25BF124000760CDF /* User.swift */,
				12DF902E25BF124B00760CDF /* Post.swift */,
				354FB82B25C1A16800969083 /* UserSession.swift */,
			);
			path = Model;
			sourceTree = "<group>";
		};
		350C0DD825C4201700AFF51C /* Custom */ = {
			isa = PBXGroup;
			children = (
				12C8976625B732BB0018E7FF /* CustomTextField.swift */,
				1285A19625B73874006D65E7 /* CustomButton.swift */,
				1285A19A25B73E39006D65E7 /* CustomTitleText.swift */,
				12838AF125C058CD00825819 /* CustomTextView.swift */,
			);
			path = Custom;
			sourceTree = "<group>";
		};
		352E6CFB25BF0725001E4D29 /* Frameworks */ = {
			isa = PBXGroup;
			children = (
				352E6CFC25BF0725001E4D29 /* CloudKit.framework */,
			);
			name = Frameworks;
			sourceTree = "<group>";
		};
		354FB83225C1A22F00969083 /* Services */ = {
			isa = PBXGroup;
			children = (
				354FB87125C2EDF700969083 /* UserInformation */,
				354FB83325C1A24D00969083 /* UserSessionService.swift */,
			);
			path = Services;
			sourceTree = "<group>";
		};
		354FB83725C1A3E100969083 /* MasterView */ = {
			isa = PBXGroup;
			children = (
				354FB83825C1A3EF00969083 /* MasterView.swift */,
				354FB83C25C1B05400969083 /* MasterViewModel.swift */,
			);
			name = MasterView;
			path = "Ciare-SwiftUI/UI/Scenes/MasterView";
			sourceTree = SOURCE_ROOT;
		};
		354FB87125C2EDF700969083 /* UserInformation */ = {
			isa = PBXGroup;
			children = (
				354FB86E25C2E1E300969083 /* UserInformationService.swift */,
				354FB87325C2EE2500969083 /* CDUserInformationService.swift */,
				354FB87725C30A6600969083 /* CKUserInformationService.swift */,
			);
			path = UserInformation;
			sourceTree = "<group>";
		};
		35FD458925BEEE5900A01AAD /* Scenes */ = {
			isa = PBXGroup;
			children = (
				354FB83725C1A3E100969083 /* MasterView */,
				124F83A425C30A1D0087CB50 /* Feed */,
				12ACEDAB25C04E3B00AAD1DB /* Post */,
				1284112325C0360100CAD7FB /* Login */,
				35FD458A25BEEE6400A01AAD /* SignUp */,
			);
			path = Scenes;
			sourceTree = "<group>";
		};
		35FD458A25BEEE6400A01AAD /* SignUp */ = {
			isa = PBXGroup;
			children = (
				1222FD9A25B72458004CCB3A /* SignUpView.swift */,
				35FD458D25BEF19100A01AAD /* SignUpViewModel.swift */,
				35FD459025BEF23D00A01AAD /* SignUpViewState.swift */,
			);
			path = SignUp;
			sourceTree = "<group>";
		};
		35FE1DD725C047DF001A1E6C /* UI */ = {
			isa = PBXGroup;
			children = (
				1222FDA425B72458004CCB3A /* LaunchScreen.storyboard */,
				1222FDA125B72458004CCB3A /* Components */,
				35FD458925BEEE5900A01AAD /* Scenes */,
			);
			path = UI;
			sourceTree = "<group>";
		};
		35FE1DD925C048B2001A1E6C /* System */ = {
			isa = PBXGroup;
			children = (
				1222FD9625B72458004CCB3A /* AppDelegate.swift */,
				1222FD9825B72458004CCB3A /* SceneDelegate.swift */,
			);
			path = System;
			sourceTree = "<group>";
		};
		35FE1DDA25C0495E001A1E6C /* Domain */ = {
			isa = PBXGroup;
			children = (
				12DF902525BF116800760CDF /* Model */,
				354FB83225C1A22F00969083 /* Services */,
			);
			path = Domain;
			sourceTree = "<group>";
		};
/* End PBXGroup section */

/* Begin PBXNativeTarget section */
		1222FD9225B72458004CCB3A /* Ciare-SwiftUI */ = {
			isa = PBXNativeTarget;
			buildConfigurationList = 1222FDAA25B72458004CCB3A /* Build configuration list for PBXNativeTarget "Ciare-SwiftUI" */;
			buildPhases = (
				1222FD8F25B72458004CCB3A /* Sources */,
				1222FD9025B72458004CCB3A /* Frameworks */,
				1222FD9125B72458004CCB3A /* Resources */,
			);
			buildRules = (
			);
			dependencies = (
			);
			name = "Ciare-SwiftUI";
			productName = "Ciare-SwiftUI";
			productReference = 1222FD9325B72458004CCB3A /* Ciare-SwiftUI.app */;
			productType = "com.apple.product-type.application";
		};
/* End PBXNativeTarget section */

/* Begin PBXProject section */
		1222FD8B25B72458004CCB3A /* Project object */ = {
			isa = PBXProject;
			attributes = {
				LastSwiftUpdateCheck = 1230;
				LastUpgradeCheck = 1230;
				TargetAttributes = {
					1222FD9225B72458004CCB3A = {
						CreatedOnToolsVersion = 12.3;
					};
				};
			};
			buildConfigurationList = 1222FD8E25B72458004CCB3A /* Build configuration list for PBXProject "Ciare-SwiftUI" */;
			compatibilityVersion = "Xcode 9.3";
			developmentRegion = en;
			hasScannedForEncodings = 0;
			knownRegions = (
				en,
				Base,
			);
			mainGroup = 1222FD8A25B72458004CCB3A;
			productRefGroup = 1222FD9425B72458004CCB3A /* Products */;
			projectDirPath = "";
			projectRoot = "";
			targets = (
				1222FD9225B72458004CCB3A /* Ciare-SwiftUI */,
			);
		};
/* End PBXProject section */

/* Begin PBXResourcesBuildPhase section */
		1222FD9125B72458004CCB3A /* Resources */ = {
			isa = PBXResourcesBuildPhase;
			buildActionMask = 2147483647;
			files = (
				1222FDA625B72458004CCB3A /* LaunchScreen.storyboard in Resources */,
				1222FDA025B72458004CCB3A /* Assets.xcassets in Resources */,
			);
			runOnlyForDeploymentPostprocessing = 0;
		};
/* End PBXResourcesBuildPhase section */

/* Begin PBXSourcesBuildPhase section */
		1222FD8F25B72458004CCB3A /* Sources */ = {
			isa = PBXSourcesBuildPhase;
			buildActionMask = 2147483647;
			files = (
				124F83A925C30D090087CB50 /* CustomPost.swift in Sources */,
				12748F3D25B736AF0091148D /* Plataforms.swift in Sources */,
				354FB83D25C1B05400969083 /* MasterViewModel.swift in Sources */,
				1222FD9E25B72458004CCB3A /* Ciare_SwiftUI.xcdatamodeld in Sources */,
				1285A19B25B73E39006D65E7 /* CustomTitleText.swift in Sources */,
				1222FD9725B72458004CCB3A /* AppDelegate.swift in Sources */,
				12838AF825C06E3500825819 /* PostViewState.swift in Sources */,
				354FB83425C1A24D00969083 /* UserSessionService.swift in Sources */,
				12DF902F25BF124B00760CDF /* Post.swift in Sources */,
				354FB86F25C2E1E300969083 /* UserInformationService.swift in Sources */,
				128951D125C318470062C2D7 /* FeedView.swift in Sources */,
				35FD459125BEF23D00A01AAD /* SignUpViewState.swift in Sources */,
				12838AF525C06DF900825819 /* PostViewModel.swift in Sources */,
				35FD458E25BEF19100A01AAD /* SignUpViewModel.swift in Sources */,
				354FB87825C30A6600969083 /* CKUserInformationService.swift in Sources */,
				1222FD9925B72458004CCB3A /* SceneDelegate.swift in Sources */,
				1284112125C035F600CAD7FB /* LoginView.swift in Sources */,
				354FB82C25C1A16800969083 /* UserSession.swift in Sources */,
				12838AF225C058CD00825819 /* CustomTextView.swift in Sources */,
				354FB87425C2EE2500969083 /* CDUserInformationService.swift in Sources */,
				354FB87425C2EE2500969083 /* CDUserInformationService.swift in Sources */,
				124F83A625C30A3D0087CB50 /* FeedViewModel.swift in Sources */,
				1285A19725B73874006D65E7 /* CustomButton.swift in Sources */,
				12ACEDAD25C04E4E00AAD1DB /* PostView.swift in Sources */,
				12DF902C25BF124000760CDF /* User.swift in Sources */,
				1222FD9B25B72458004CCB3A /* SignUpView.swift in Sources */,
				1236BDE725C1999300706FAE /* ImagePicker.swift in Sources */,
				12C8976725B732BB0018E7FF /* CustomTextField.swift in Sources */,
				354FB82625C1997300969083 /* LoginViewModel.swift in Sources */,
				354FB84125C1C01000969083 /* MasterView.swift in Sources */,
				124F83AD25C30D1F0087CB50 /* FeedViewState.swift in Sources */,
				12DF902825BF121E00760CDF /* UsersInfo.swift in Sources */,
				350C0DDD25C42D8400AFF51C /* SignUpButton.swift in Sources */,
			);
			runOnlyForDeploymentPostprocessing = 0;
		};
/* End PBXSourcesBuildPhase section */

/* Begin PBXVariantGroup section */
		1222FDA425B72458004CCB3A /* LaunchScreen.storyboard */ = {
			isa = PBXVariantGroup;
			children = (
				1222FDA525B72458004CCB3A /* Base */,
			);
			name = LaunchScreen.storyboard;
			sourceTree = "<group>";
		};
/* End PBXVariantGroup section */

/* Begin XCBuildConfiguration section */
		1222FDA825B72458004CCB3A /* Debug */ = {
			isa = XCBuildConfiguration;
			buildSettings = {
				ALWAYS_SEARCH_USER_PATHS = NO;
				CLANG_ANALYZER_NONNULL = YES;
				CLANG_ANALYZER_NUMBER_OBJECT_CONVERSION = YES_AGGRESSIVE;
				CLANG_CXX_LANGUAGE_STANDARD = "gnu++14";
				CLANG_CXX_LIBRARY = "libc++";
				CLANG_ENABLE_MODULES = YES;
				CLANG_ENABLE_OBJC_ARC = YES;
				CLANG_ENABLE_OBJC_WEAK = YES;
				CLANG_WARN_BLOCK_CAPTURE_AUTORELEASING = YES;
				CLANG_WARN_BOOL_CONVERSION = YES;
				CLANG_WARN_COMMA = YES;
				CLANG_WARN_CONSTANT_CONVERSION = YES;
				CLANG_WARN_DEPRECATED_OBJC_IMPLEMENTATIONS = YES;
				CLANG_WARN_DIRECT_OBJC_ISA_USAGE = YES_ERROR;
				CLANG_WARN_DOCUMENTATION_COMMENTS = YES;
				CLANG_WARN_EMPTY_BODY = YES;
				CLANG_WARN_ENUM_CONVERSION = YES;
				CLANG_WARN_INFINITE_RECURSION = YES;
				CLANG_WARN_INT_CONVERSION = YES;
				CLANG_WARN_NON_LITERAL_NULL_CONVERSION = YES;
				CLANG_WARN_OBJC_IMPLICIT_RETAIN_SELF = YES;
				CLANG_WARN_OBJC_LITERAL_CONVERSION = YES;
				CLANG_WARN_OBJC_ROOT_CLASS = YES_ERROR;
				CLANG_WARN_QUOTED_INCLUDE_IN_FRAMEWORK_HEADER = YES;
				CLANG_WARN_RANGE_LOOP_ANALYSIS = YES;
				CLANG_WARN_STRICT_PROTOTYPES = YES;
				CLANG_WARN_SUSPICIOUS_MOVE = YES;
				CLANG_WARN_UNGUARDED_AVAILABILITY = YES_AGGRESSIVE;
				CLANG_WARN_UNREACHABLE_CODE = YES;
				CLANG_WARN__DUPLICATE_METHOD_MATCH = YES;
				COPY_PHASE_STRIP = NO;
				DEBUG_INFORMATION_FORMAT = dwarf;
				ENABLE_STRICT_OBJC_MSGSEND = YES;
				ENABLE_TESTABILITY = YES;
				GCC_C_LANGUAGE_STANDARD = gnu11;
				GCC_DYNAMIC_NO_PIC = NO;
				GCC_NO_COMMON_BLOCKS = YES;
				GCC_OPTIMIZATION_LEVEL = 0;
				GCC_PREPROCESSOR_DEFINITIONS = (
					"DEBUG=1",
					"$(inherited)",
				);
				GCC_WARN_64_TO_32_BIT_CONVERSION = YES;
				GCC_WARN_ABOUT_RETURN_TYPE = YES_ERROR;
				GCC_WARN_UNDECLARED_SELECTOR = YES;
				GCC_WARN_UNINITIALIZED_AUTOS = YES_AGGRESSIVE;
				GCC_WARN_UNUSED_FUNCTION = YES;
				GCC_WARN_UNUSED_VARIABLE = YES;
				IPHONEOS_DEPLOYMENT_TARGET = 14.0;
				MTL_ENABLE_DEBUG_INFO = INCLUDE_SOURCE;
				MTL_FAST_MATH = YES;
				ONLY_ACTIVE_ARCH = YES;
				SDKROOT = iphoneos;
				SWIFT_ACTIVE_COMPILATION_CONDITIONS = DEBUG;
				SWIFT_OPTIMIZATION_LEVEL = "-Onone";
			};
			name = Debug;
		};
		1222FDA925B72458004CCB3A /* Release */ = {
			isa = XCBuildConfiguration;
			buildSettings = {
				ALWAYS_SEARCH_USER_PATHS = NO;
				CLANG_ANALYZER_NONNULL = YES;
				CLANG_ANALYZER_NUMBER_OBJECT_CONVERSION = YES_AGGRESSIVE;
				CLANG_CXX_LANGUAGE_STANDARD = "gnu++14";
				CLANG_CXX_LIBRARY = "libc++";
				CLANG_ENABLE_MODULES = YES;
				CLANG_ENABLE_OBJC_ARC = YES;
				CLANG_ENABLE_OBJC_WEAK = YES;
				CLANG_WARN_BLOCK_CAPTURE_AUTORELEASING = YES;
				CLANG_WARN_BOOL_CONVERSION = YES;
				CLANG_WARN_COMMA = YES;
				CLANG_WARN_CONSTANT_CONVERSION = YES;
				CLANG_WARN_DEPRECATED_OBJC_IMPLEMENTATIONS = YES;
				CLANG_WARN_DIRECT_OBJC_ISA_USAGE = YES_ERROR;
				CLANG_WARN_DOCUMENTATION_COMMENTS = YES;
				CLANG_WARN_EMPTY_BODY = YES;
				CLANG_WARN_ENUM_CONVERSION = YES;
				CLANG_WARN_INFINITE_RECURSION = YES;
				CLANG_WARN_INT_CONVERSION = YES;
				CLANG_WARN_NON_LITERAL_NULL_CONVERSION = YES;
				CLANG_WARN_OBJC_IMPLICIT_RETAIN_SELF = YES;
				CLANG_WARN_OBJC_LITERAL_CONVERSION = YES;
				CLANG_WARN_OBJC_ROOT_CLASS = YES_ERROR;
				CLANG_WARN_QUOTED_INCLUDE_IN_FRAMEWORK_HEADER = YES;
				CLANG_WARN_RANGE_LOOP_ANALYSIS = YES;
				CLANG_WARN_STRICT_PROTOTYPES = YES;
				CLANG_WARN_SUSPICIOUS_MOVE = YES;
				CLANG_WARN_UNGUARDED_AVAILABILITY = YES_AGGRESSIVE;
				CLANG_WARN_UNREACHABLE_CODE = YES;
				CLANG_WARN__DUPLICATE_METHOD_MATCH = YES;
				COPY_PHASE_STRIP = NO;
				DEBUG_INFORMATION_FORMAT = "dwarf-with-dsym";
				ENABLE_NS_ASSERTIONS = NO;
				ENABLE_STRICT_OBJC_MSGSEND = YES;
				GCC_C_LANGUAGE_STANDARD = gnu11;
				GCC_NO_COMMON_BLOCKS = YES;
				GCC_WARN_64_TO_32_BIT_CONVERSION = YES;
				GCC_WARN_ABOUT_RETURN_TYPE = YES_ERROR;
				GCC_WARN_UNDECLARED_SELECTOR = YES;
				GCC_WARN_UNINITIALIZED_AUTOS = YES_AGGRESSIVE;
				GCC_WARN_UNUSED_FUNCTION = YES;
				GCC_WARN_UNUSED_VARIABLE = YES;
				IPHONEOS_DEPLOYMENT_TARGET = 14.0;
				MTL_ENABLE_DEBUG_INFO = NO;
				MTL_FAST_MATH = YES;
				SDKROOT = iphoneos;
				SWIFT_COMPILATION_MODE = wholemodule;
				SWIFT_OPTIMIZATION_LEVEL = "-O";
				VALIDATE_PRODUCT = YES;
			};
			name = Release;
		};
		1222FDAB25B72458004CCB3A /* Debug */ = {
			isa = XCBuildConfiguration;
			buildSettings = {
				ASSETCATALOG_COMPILER_APPICON_NAME = AppIcon;
				ASSETCATALOG_COMPILER_GLOBAL_ACCENT_COLOR_NAME = AccentColor;
				CODE_SIGN_ENTITLEMENTS = "Ciare-SwiftUI/Ciare-SwiftUI.entitlements";
				CODE_SIGN_STYLE = Automatic;
				DEVELOPMENT_ASSET_PATHS = "\"Ciare-SwiftUI/\"";
				DEVELOPMENT_TEAM = SCF6DTLWM7;
				ENABLE_PREVIEWS = YES;
				INFOPLIST_FILE = "Ciare-SwiftUI/Info.plist";
				LD_RUNPATH_SEARCH_PATHS = (
					"$(inherited)",
					"@executable_path/Frameworks",
				);
				PRODUCT_BUNDLE_IDENTIFIER = "com.viniciusalencar.Ciare-SwiftUI";
				PRODUCT_NAME = "$(TARGET_NAME)";
				SWIFT_VERSION = 5.0;
				TARGETED_DEVICE_FAMILY = 1;
			};
			name = Debug;
		};
		1222FDAC25B72458004CCB3A /* Release */ = {
			isa = XCBuildConfiguration;
			buildSettings = {
				ASSETCATALOG_COMPILER_APPICON_NAME = AppIcon;
				ASSETCATALOG_COMPILER_GLOBAL_ACCENT_COLOR_NAME = AccentColor;
				CODE_SIGN_ENTITLEMENTS = "Ciare-SwiftUI/Ciare-SwiftUI.entitlements";
				CODE_SIGN_STYLE = Automatic;
				DEVELOPMENT_ASSET_PATHS = "\"Ciare-SwiftUI/\"";
				DEVELOPMENT_TEAM = SCF6DTLWM7;
				ENABLE_PREVIEWS = YES;
				INFOPLIST_FILE = "Ciare-SwiftUI/Info.plist";
				LD_RUNPATH_SEARCH_PATHS = (
					"$(inherited)",
					"@executable_path/Frameworks",
				);
				PRODUCT_BUNDLE_IDENTIFIER = "com.viniciusalencar.Ciare-SwiftUI";
				PRODUCT_NAME = "$(TARGET_NAME)";
				SWIFT_VERSION = 5.0;
				TARGETED_DEVICE_FAMILY = 1;
			};
			name = Release;
		};
/* End XCBuildConfiguration section */

/* Begin XCConfigurationList section */
		1222FD8E25B72458004CCB3A /* Build configuration list for PBXProject "Ciare-SwiftUI" */ = {
			isa = XCConfigurationList;
			buildConfigurations = (
				1222FDA825B72458004CCB3A /* Debug */,
				1222FDA925B72458004CCB3A /* Release */,
			);
			defaultConfigurationIsVisible = 0;
			defaultConfigurationName = Release;
		};
		1222FDAA25B72458004CCB3A /* Build configuration list for PBXNativeTarget "Ciare-SwiftUI" */ = {
			isa = XCConfigurationList;
			buildConfigurations = (
				1222FDAB25B72458004CCB3A /* Debug */,
				1222FDAC25B72458004CCB3A /* Release */,
			);
			defaultConfigurationIsVisible = 0;
			defaultConfigurationName = Release;
		};
/* End XCConfigurationList section */

/* Begin XCVersionGroup section */
		1222FD9C25B72458004CCB3A /* Ciare_SwiftUI.xcdatamodeld */ = {
			isa = XCVersionGroup;
			children = (
				1222FD9D25B72458004CCB3A /* Ciare_SwiftUI.xcdatamodel */,
			);
			currentVersion = 1222FD9D25B72458004CCB3A /* Ciare_SwiftUI.xcdatamodel */;
			path = Ciare_SwiftUI.xcdatamodeld;
			sourceTree = "<group>";
			versionGroupType = wrapper.xcdatamodel;
		};
/* End XCVersionGroup section */
	};
	rootObject = 1222FD8B25B72458004CCB3A /* Project object */;
}
