// !$*UTF8*$!
{
	archiveVersion = 1;
	classes = {
	};
	objectVersion = 50;
	objects = {

/* Begin PBXBuildFile section */
		1222FD9725B72458004CCB3A /* AppDelegate.swift in Sources */ = {isa = PBXBuildFile; fileRef = 1222FD9625B72458004CCB3A /* AppDelegate.swift */; };
		1222FD9925B72458004CCB3A /* SceneDelegate.swift in Sources */ = {isa = PBXBuildFile; fileRef = 1222FD9825B72458004CCB3A /* SceneDelegate.swift */; };
		1222FD9B25B72458004CCB3A /* ContentView.swift in Sources */ = {isa = PBXBuildFile; fileRef = 1222FD9A25B72458004CCB3A /* ContentView.swift */; };
		1222FD9E25B72458004CCB3A /* Ciare_SwiftUI.xcdatamodeld in Sources */ = {isa = PBXBuildFile; fileRef = 1222FD9C25B72458004CCB3A /* Ciare_SwiftUI.xcdatamodeld */; };
		1222FDA025B72458004CCB3A /* Assets.xcassets in Resources */ = {isa = PBXBuildFile; fileRef = 1222FD9F25B72458004CCB3A /* Assets.xcassets */; };
		1222FDA625B72458004CCB3A /* LaunchScreen.storyboard in Resources */ = {isa = PBXBuildFile; fileRef = 1222FDA425B72458004CCB3A /* LaunchScreen.storyboard */; };
		12748F3D25B736AF0091148D /* Plataforms.swift in Sources */ = {isa = PBXBuildFile; fileRef = 12748F3C25B736AF0091148D /* Plataforms.swift */; };
		1285A19725B73874006D65E7 /* CustomButton.swift in Sources */ = {isa = PBXBuildFile; fileRef = 1285A19625B73874006D65E7 /* CustomButton.swift */; };
		1285A19B25B73E39006D65E7 /* CustomTitleText.swift in Sources */ = {isa = PBXBuildFile; fileRef = 1285A19A25B73E39006D65E7 /* CustomTitleText.swift */; };
		12C8976725B732BB0018E7FF /* CustomTextField.swift in Sources */ = {isa = PBXBuildFile; fileRef = 12C8976625B732BB0018E7FF /* CustomTextField.swift */; };
/* End PBXBuildFile section */

/* Begin PBXFileReference section */
		1222FD9325B72458004CCB3A /* Ciare-SwiftUI.app */ = {isa = PBXFileReference; explicitFileType = wrapper.application; includeInIndex = 0; path = "Ciare-SwiftUI.app"; sourceTree = BUILT_PRODUCTS_DIR; };
		1222FD9625B72458004CCB3A /* AppDelegate.swift */ = {isa = PBXFileReference; lastKnownFileType = sourcecode.swift; path = AppDelegate.swift; sourceTree = "<group>"; };
		1222FD9825B72458004CCB3A /* SceneDelegate.swift */ = {isa = PBXFileReference; lastKnownFileType = sourcecode.swift; path = SceneDelegate.swift; sourceTree = "<group>"; };
		1222FD9A25B72458004CCB3A /* ContentView.swift */ = {isa = PBXFileReference; lastKnownFileType = sourcecode.swift; path = ContentView.swift; sourceTree = "<group>"; };
		1222FD9D25B72458004CCB3A /* Ciare_SwiftUI.xcdatamodel */ = {isa = PBXFileReference; lastKnownFileType = wrapper.xcdatamodel; path = Ciare_SwiftUI.xcdatamodel; sourceTree = "<group>"; };
		1222FD9F25B72458004CCB3A /* Assets.xcassets */ = {isa = PBXFileReference; lastKnownFileType = folder.assetcatalog; path = Assets.xcassets; sourceTree = "<group>"; };
		1222FDA525B72458004CCB3A /* Base */ = {isa = PBXFileReference; lastKnownFileType = file.storyboard; name = Base; path = Base.lproj/LaunchScreen.storyboard; sourceTree = "<group>"; };
		1222FDA725B72458004CCB3A /* Info.plist */ = {isa = PBXFileReference; lastKnownFileType = text.plist.xml; path = Info.plist; sourceTree = "<group>"; };
		12748F3C25B736AF0091148D /* Plataforms.swift */ = {isa = PBXFileReference; lastKnownFileType = sourcecode.swift; path = Plataforms.swift; sourceTree = "<group>"; };
		1285A19625B73874006D65E7 /* CustomButton.swift */ = {isa = PBXFileReference; lastKnownFileType = sourcecode.swift; path = CustomButton.swift; sourceTree = "<group>"; };
		1285A19A25B73E39006D65E7 /* CustomTitleText.swift */ = {isa = PBXFileReference; lastKnownFileType = sourcecode.swift; path = CustomTitleText.swift; sourceTree = "<group>"; };
		12C8976625B732BB0018E7FF /* CustomTextField.swift */ = {isa = PBXFileReference; lastKnownFileType = sourcecode.swift; path = CustomTextField.swift; sourceTree = "<group>"; };
/* End PBXFileReference section */

/* Begin PBXFrameworksBuildPhase section */
		1222FD9025B72458004CCB3A /* Frameworks */ = {
			isa = PBXFrameworksBuildPhase;
			buildActionMask = 2147483647;
			files = (
			);
			runOnlyForDeploymentPostprocessing = 0;
		};
/* End PBXFrameworksBuildPhase section */

/* Begin PBXGroup section */
		1222FD8A25B72458004CCB3A = {
			isa = PBXGroup;
			children = (
				1222FD9525B72458004CCB3A /* Ciare-SwiftUI */,
				1222FD9425B72458004CCB3A /* Products */,
			);
			sourceTree = "<group>";
		};
		1222FD9425B72458004CCB3A /* Products */ = {
			isa = PBXGroup;
			children = (
				1222FD9325B72458004CCB3A /* Ciare-SwiftUI.app */,
			);
			name = Products;
			sourceTree = "<group>";
		};
		1222FD9525B72458004CCB3A /* Ciare-SwiftUI */ = {
			isa = PBXGroup;
			children = (
				1222FD9625B72458004CCB3A /* AppDelegate.swift */,
				1222FD9825B72458004CCB3A /* SceneDelegate.swift */,
				1222FD9A25B72458004CCB3A /* ContentView.swift */,
				1222FD9F25B72458004CCB3A /* Assets.xcassets */,
				1222FDA425B72458004CCB3A /* LaunchScreen.storyboard */,
				1222FDA725B72458004CCB3A /* Info.plist */,
				1222FD9C25B72458004CCB3A /* Ciare_SwiftUI.xcdatamodeld */,
				1222FDA125B72458004CCB3A /* custom-views */,
			);
			path = "Ciare-SwiftUI";
			sourceTree = "<group>";
		};
		1222FDA125B72458004CCB3A /* custom-views */ = {
			isa = PBXGroup;
			children = (
				12748F3C25B736AF0091148D /* Plataforms.swift */,
				12C8976625B732BB0018E7FF /* CustomTextField.swift */,
				1285A19625B73874006D65E7 /* CustomButton.swift */,
				1285A19A25B73E39006D65E7 /* CustomTitleText.swift */,
			);
			path = "custom-views";
			sourceTree = "<group>";
		};
/* End PBXGroup section */

/* Begin PBXNativeTarget section */
		1222FD9225B72458004CCB3A /* Ciare-SwiftUI */ = {
			isa = PBXNativeTarget;
			buildConfigurationList = 1222FDAA25B72458004CCB3A /* Build configuration list for PBXNativeTarget "Ciare-SwiftUI" */;
			buildPhases = (
				1222FD8F25B72458004CCB3A /* Sources */,
				1222FD9025B72458004CCB3A /* Frameworks */,
				1222FD9125B72458004CCB3A /* Resources */,
			);
			buildRules = (
			);
			dependencies = (
			);
			name = "Ciare-SwiftUI";
			productName = "Ciare-SwiftUI";
			productReference = 1222FD9325B72458004CCB3A /* Ciare-SwiftUI.app */;
			productType = "com.apple.product-type.application";
		};
/* End PBXNativeTarget section */

/* Begin PBXProject section */
		1222FD8B25B72458004CCB3A /* Project object */ = {
			isa = PBXProject;
			attributes = {
				LastSwiftUpdateCheck = 1230;
				LastUpgradeCheck = 1230;
				TargetAttributes = {
					1222FD9225B72458004CCB3A = {
						CreatedOnToolsVersion = 12.3;
					};
				};
			};
			buildConfigurationList = 1222FD8E25B72458004CCB3A /* Build configuration list for PBXProject "Ciare-SwiftUI" */;
			compatibilityVersion = "Xcode 9.3";
			developmentRegion = en;
			hasScannedForEncodings = 0;
			knownRegions = (
				en,
				Base,
			);
			mainGroup = 1222FD8A25B72458004CCB3A;
			productRefGroup = 1222FD9425B72458004CCB3A /* Products */;
			projectDirPath = "";
			projectRoot = "";
			targets = (
				1222FD9225B72458004CCB3A /* Ciare-SwiftUI */,
			);
		};
/* End PBXProject section */

/* Begin PBXResourcesBuildPhase section */
		1222FD9125B72458004CCB3A /* Resources */ = {
			isa = PBXResourcesBuildPhase;
			buildActionMask = 2147483647;
			files = (
				1222FDA625B72458004CCB3A /* LaunchScreen.storyboard in Resources */,
				1222FDA025B72458004CCB3A /* Assets.xcassets in Resources */,
			);
			runOnlyForDeploymentPostprocessing = 0;
		};
/* End PBXResourcesBuildPhase section */

/* Begin PBXSourcesBuildPhase section */
		1222FD8F25B72458004CCB3A /* Sources */ = {
			isa = PBXSourcesBuildPhase;
			buildActionMask = 2147483647;
			files = (
				12748F3D25B736AF0091148D /* Plataforms.swift in Sources */,
				1222FD9E25B72458004CCB3A /* Ciare_SwiftUI.xcdatamodeld in Sources */,
				1285A19B25B73E39006D65E7 /* CustomTitleText.swift in Sources */,
				1222FD9725B72458004CCB3A /* AppDelegate.swift in Sources */,
				1222FD9925B72458004CCB3A /* SceneDelegate.swift in Sources */,
				1285A19725B73874006D65E7 /* CustomButton.swift in Sources */,
				1222FD9B25B72458004CCB3A /* ContentView.swift in Sources */,
				12C8976725B732BB0018E7FF /* CustomTextField.swift in Sources */,
			);
			runOnlyForDeploymentPostprocessing = 0;
		};
/* End PBXSourcesBuildPhase section */

/* Begin PBXVariantGroup section */
		1222FDA425B72458004CCB3A /* LaunchScreen.storyboard */ = {
			isa = PBXVariantGroup;
			children = (
				1222FDA525B72458004CCB3A /* Base */,
			);
			name = LaunchScreen.storyboard;
			sourceTree = "<group>";
		};
/* End PBXVariantGroup section */

/* Begin XCBuildConfiguration section */
		1222FDA825B72458004CCB3A /* Debug */ = {
			isa = XCBuildConfiguration;
			buildSettings = {
				ALWAYS_SEARCH_USER_PATHS = NO;
				CLANG_ANALYZER_NONNULL = YES;
				CLANG_ANALYZER_NUMBER_OBJECT_CONVERSION = YES_AGGRESSIVE;
				CLANG_CXX_LANGUAGE_STANDARD = "gnu++14";
				CLANG_CXX_LIBRARY = "libc++";
				CLANG_ENABLE_MODULES = YES;
				CLANG_ENABLE_OBJC_ARC = YES;
				CLANG_ENABLE_OBJC_WEAK = YES;
				CLANG_WARN_BLOCK_CAPTURE_AUTORELEASING = YES;
				CLANG_WARN_BOOL_CONVERSION = YES;
				CLANG_WARN_COMMA = YES;
				CLANG_WARN_CONSTANT_CONVERSION = YES;
				CLANG_WARN_DEPRECATED_OBJC_IMPLEMENTATIONS = YES;
				CLANG_WARN_DIRECT_OBJC_ISA_USAGE = YES_ERROR;
				CLANG_WARN_DOCUMENTATION_COMMENTS = YES;
				CLANG_WARN_EMPTY_BODY = YES;
				CLANG_WARN_ENUM_CONVERSION = YES;
				CLANG_WARN_INFINITE_RECURSION = YES;
				CLANG_WARN_INT_CONVERSION = YES;
				CLANG_WARN_NON_LITERAL_NULL_CONVERSION = YES;
				CLANG_WARN_OBJC_IMPLICIT_RETAIN_SELF = YES;
				CLANG_WARN_OBJC_LITERAL_CONVERSION = YES;
				CLANG_WARN_OBJC_ROOT_CLASS = YES_ERROR;
				CLANG_WARN_QUOTED_INCLUDE_IN_FRAMEWORK_HEADER = YES;
				CLANG_WARN_RANGE_LOOP_ANALYSIS = YES;
				CLANG_WARN_STRICT_PROTOTYPES = YES;
				CLANG_WARN_SUSPICIOUS_MOVE = YES;
				CLANG_WARN_UNGUARDED_AVAILABILITY = YES_AGGRESSIVE;
				CLANG_WARN_UNREACHABLE_CODE = YES;
				CLANG_WARN__DUPLICATE_METHOD_MATCH = YES;
				COPY_PHASE_STRIP = NO;
				DEBUG_INFORMATION_FORMAT = dwarf;
				ENABLE_STRICT_OBJC_MSGSEND = YES;
				ENABLE_TESTABILITY = YES;
				GCC_C_LANGUAGE_STANDARD = gnu11;
				GCC_DYNAMIC_NO_PIC = NO;
				GCC_NO_COMMON_BLOCKS = YES;
				GCC_OPTIMIZATION_LEVEL = 0;
				GCC_PREPROCESSOR_DEFINITIONS = (
					"DEBUG=1",
					"$(inherited)",
				);
				GCC_WARN_64_TO_32_BIT_CONVERSION = YES;
				GCC_WARN_ABOUT_RETURN_TYPE = YES_ERROR;
				GCC_WARN_UNDECLARED_SELECTOR = YES;
				GCC_WARN_UNINITIALIZED_AUTOS = YES_AGGRESSIVE;
				GCC_WARN_UNUSED_FUNCTION = YES;
				GCC_WARN_UNUSED_VARIABLE = YES;
				IPHONEOS_DEPLOYMENT_TARGET = 14.3;
				MTL_ENABLE_DEBUG_INFO = INCLUDE_SOURCE;
				MTL_FAST_MATH = YES;
				ONLY_ACTIVE_ARCH = YES;
				SDKROOT = iphoneos;
				SWIFT_ACTIVE_COMPILATION_CONDITIONS = DEBUG;
				SWIFT_OPTIMIZATION_LEVEL = "-Onone";
			};
			name = Debug;
		};
		1222FDA925B72458004CCB3A /* Release */ = {
			isa = XCBuildConfiguration;
			buildSettings = {
				ALWAYS_SEARCH_USER_PATHS = NO;
				CLANG_ANALYZER_NONNULL = YES;
				CLANG_ANALYZER_NUMBER_OBJECT_CONVERSION = YES_AGGRESSIVE;
				CLANG_CXX_LANGUAGE_STANDARD = "gnu++14";
				CLANG_CXX_LIBRARY = "libc++";
				CLANG_ENABLE_MODULES = YES;
				CLANG_ENABLE_OBJC_ARC = YES;
				CLANG_ENABLE_OBJC_WEAK = YES;
				CLANG_WARN_BLOCK_CAPTURE_AUTORELEASING = YES;
				CLANG_WARN_BOOL_CONVERSION = YES;
				CLANG_WARN_COMMA = YES;
				CLANG_WARN_CONSTANT_CONVERSION = YES;
				CLANG_WARN_DEPRECATED_OBJC_IMPLEMENTATIONS = YES;
				CLANG_WARN_DIRECT_OBJC_ISA_USAGE = YES_ERROR;
				CLANG_WARN_DOCUMENTATION_COMMENTS = YES;
				CLANG_WARN_EMPTY_BODY = YES;
				CLANG_WARN_ENUM_CONVERSION = YES;
				CLANG_WARN_INFINITE_RECURSION = YES;
				CLANG_WARN_INT_CONVERSION = YES;
				CLANG_WARN_NON_LITERAL_NULL_CONVERSION = YES;
				CLANG_WARN_OBJC_IMPLICIT_RETAIN_SELF = YES;
				CLANG_WARN_OBJC_LITERAL_CONVERSION = YES;
				CLANG_WARN_OBJC_ROOT_CLASS = YES_ERROR;
				CLANG_WARN_QUOTED_INCLUDE_IN_FRAMEWORK_HEADER = YES;
				CLANG_WARN_RANGE_LOOP_ANALYSIS = YES;
				CLANG_WARN_STRICT_PROTOTYPES = YES;
				CLANG_WARN_SUSPICIOUS_MOVE = YES;
				CLANG_WARN_UNGUARDED_AVAILABILITY = YES_AGGRESSIVE;
				CLANG_WARN_UNREACHABLE_CODE = YES;
				CLANG_WARN__DUPLICATE_METHOD_MATCH = YES;
				COPY_PHASE_STRIP = NO;
				DEBUG_INFORMATION_FORMAT = "dwarf-with-dsym";
				ENABLE_NS_ASSERTIONS = NO;
				ENABLE_STRICT_OBJC_MSGSEND = YES;
				GCC_C_LANGUAGE_STANDARD = gnu11;
				GCC_NO_COMMON_BLOCKS = YES;
				GCC_WARN_64_TO_32_BIT_CONVERSION = YES;
				GCC_WARN_ABOUT_RETURN_TYPE = YES_ERROR;
				GCC_WARN_UNDECLARED_SELECTOR = YES;
				GCC_WARN_UNINITIALIZED_AUTOS = YES_AGGRESSIVE;
				GCC_WARN_UNUSED_FUNCTION = YES;
				GCC_WARN_UNUSED_VARIABLE = YES;
				IPHONEOS_DEPLOYMENT_TARGET = 14.3;
				MTL_ENABLE_DEBUG_INFO = NO;
				MTL_FAST_MATH = YES;
				SDKROOT = iphoneos;
				SWIFT_COMPILATION_MODE = wholemodule;
				SWIFT_OPTIMIZATION_LEVEL = "-O";
				VALIDATE_PRODUCT = YES;
			};
			name = Release;
		};
		1222FDAB25B72458004CCB3A /* Debug */ = {
			isa = XCBuildConfiguration;
			buildSettings = {
				ASSETCATALOG_COMPILER_APPICON_NAME = AppIcon;
				ASSETCATALOG_COMPILER_GLOBAL_ACCENT_COLOR_NAME = AccentColor;
				CODE_SIGN_STYLE = Automatic;
				DEVELOPMENT_ASSET_PATHS = "\"Ciare-SwiftUI/\"";
				DEVELOPMENT_TEAM = ALF79554Y6;
				ENABLE_PREVIEWS = YES;
				INFOPLIST_FILE = "Ciare-SwiftUI/Info.plist";
				LD_RUNPATH_SEARCH_PATHS = (
					"$(inherited)",
					"@executable_path/Frameworks",
				);
				PRODUCT_BUNDLE_IDENTIFIER = "com.viniciusalencar.Ciare-SwiftUI";
				PRODUCT_NAME = "$(TARGET_NAME)";
				SWIFT_VERSION = 5.0;
				TARGETED_DEVICE_FAMILY = "1,2";
			};
			name = Debug;
		};
		1222FDAC25B72458004CCB3A /* Release */ = {
			isa = XCBuildConfiguration;
			buildSettings = {
				ASSETCATALOG_COMPILER_APPICON_NAME = AppIcon;
				ASSETCATALOG_COMPILER_GLOBAL_ACCENT_COLOR_NAME = AccentColor;
				CODE_SIGN_STYLE = Automatic;
				DEVELOPMENT_ASSET_PATHS = "\"Ciare-SwiftUI/\"";
				DEVELOPMENT_TEAM = ALF79554Y6;
				ENABLE_PREVIEWS = YES;
				INFOPLIST_FILE = "Ciare-SwiftUI/Info.plist";
				LD_RUNPATH_SEARCH_PATHS = (
					"$(inherited)",
					"@executable_path/Frameworks",
				);
				PRODUCT_BUNDLE_IDENTIFIER = "com.viniciusalencar.Ciare-SwiftUI";
				PRODUCT_NAME = "$(TARGET_NAME)";
				SWIFT_VERSION = 5.0;
				TARGETED_DEVICE_FAMILY = "1,2";
			};
			name = Release;
		};
/* End XCBuildConfiguration section */

/* Begin XCConfigurationList section */
		1222FD8E25B72458004CCB3A /* Build configuration list for PBXProject "Ciare-SwiftUI" */ = {
			isa = XCConfigurationList;
			buildConfigurations = (
				1222FDA825B72458004CCB3A /* Debug */,
				1222FDA925B72458004CCB3A /* Release */,
			);
			defaultConfigurationIsVisible = 0;
			defaultConfigurationName = Release;
		};
		1222FDAA25B72458004CCB3A /* Build configuration list for PBXNativeTarget "Ciare-SwiftUI" */ = {
			isa = XCConfigurationList;
			buildConfigurations = (
				1222FDAB25B72458004CCB3A /* Debug */,
				1222FDAC25B72458004CCB3A /* Release */,
			);
			defaultConfigurationIsVisible = 0;
			defaultConfigurationName = Release;
		};
/* End XCConfigurationList section */

/* Begin XCVersionGroup section */
		1222FD9C25B72458004CCB3A /* Ciare_SwiftUI.xcdatamodeld */ = {
			isa = XCVersionGroup;
			children = (
				1222FD9D25B72458004CCB3A /* Ciare_SwiftUI.xcdatamodel */,
			);
			currentVersion = 1222FD9D25B72458004CCB3A /* Ciare_SwiftUI.xcdatamodel */;
			path = Ciare_SwiftUI.xcdatamodeld;
			sourceTree = "<group>";
			versionGroupType = wrapper.xcdatamodel;
		};
/* End XCVersionGroup section */
	};
	rootObject = 1222FD8B25B72458004CCB3A /* Project object */;
}
